Microsoft Visual Studio Solution File, Format Version 12.00
# Visual Studio Version 16
VisualStudioVersion = 16.0.31321.278
MinimumVisualStudioVersion = 10.0.40219.1
Project("{2150E333-8FDC-42A3-9474-1A3956D46DE8}") = "Build Files", "Build Files", "{F84D698C-3163-472D-95E9-EC36712D597B}"
	ProjectSection(SolutionItems) = preProject
		Build\HccViewsetPackage.targets = Build\HccViewsetPackage.targets
		Build\LibraryPackage.targets = Build\LibraryPackage.targets
		Build\ModulePackage.targets = Build\ModulePackage.targets
		Build\SkinPackage.targets = Build\SkinPackage.targets
		Build\SolutionReferences.targets = Build\SolutionReferences.targets
	EndProjectSection
EndProject
Project("{2150E333-8FDC-42A3-9474-1A3956D46DE8}") = "Configuration Files", "Configuration Files", "{B51AA4AF-EE33-49E1-B621-DF1BCD22A28C}"
	ProjectSection(SolutionItems) = preProject
		.gitignore = .gitignore
		azure-pipelines.yml = azure-pipelines.yml
		Website\DotNetNuke.log4net.config = Website\DotNetNuke.log4net.config
		README.md = README.md
		Website\web.config = Website\web.config
	EndProjectSection
EndProject
Project("{2150E333-8FDC-42A3-9474-1A3956D46DE8}") = "Libraries", "Libraries", "{1F828F98-2015-4EAD-8296-EABDD9EA4880}"
EndProject
Project("{2150E333-8FDC-42A3-9474-1A3956D46DE8}") = "Modules", "Modules", "{70FB7EDF-2E12-405F-B9CD-8A437E96FB11}"
EndProject
Project("{2150E333-8FDC-42A3-9474-1A3956D46DE8}") = "Skin Objects", "Skin Objects", "{7722B241-C88C-4BBA-973F-32D755BE9C08}"
EndProject
Project("{2150E333-8FDC-42A3-9474-1A3956D46DE8}") = "Skins", "Skins", "{EAE79EDB-A03E-445B-AF45-8508AB5CB551}"
EndProject
Project("{2150E333-8FDC-42A3-9474-1A3956D46DE8}") = "Viewsets", "Viewsets", "{C5228275-B3D3-4550-A755-98F70CDCEA69}"
EndProject
Project("{FAE04EC0-301F-11D3-BF4B-00C04F79EFBC}") = "AscentGetFile", "Modules\AscentGetFile\AscentGetFile.csproj", "{7D61A32C-0F21-453F-A981-BD8E5A3A5304}"
EndProject
Project("{F184B08F-C81C-45F6-A57F-5ABD9991F28F}") = "ImaginitEstore", "Modules\ImaginitEstore\ImaginitEstore.vbproj", "{04053E97-525A-4132-9580-32A1AB5B37B2}"
EndProject
Project("{F184B08F-C81C-45F6-A57F-5ABD9991F28F}") = "Rand.Store", "Libraries\Rand.Store\Rand.Store.vbproj", "{1F58B285-03BD-4023-99C1-EB9611D6937F}"
EndProject
Project("{F184B08F-C81C-45F6-A57F-5ABD9991F28F}") = "Rand.SFDC.DAL", "Libraries\Rand.SFDC.DAL\Rand.SFDC.DAL.vbproj", "{D5820124-DB40-4AC0-B569-4FFF2342EBE3}"
EndProject
Project("{F184B08F-C81C-45F6-A57F-5ABD9991F28F}") = "Rand.SFDC.Connection", "Libraries\Rand.SFDC.Connection\Rand.SFDC.Connection.vbproj", "{E0EEBAB9-9015-4E1E-B4A1-B747CD9CE083}"
EndProject
Project("{F184B08F-C81C-45F6-A57F-5ABD9991F28F}") = "DNNScheduler", "Libraries\DNNScheduler\DNNScheduler.vbproj", "{2AD6CBE1-1A1A-4A08-A099-E9797F34A42A}"
EndProject
Project("{FAE04EC0-301F-11D3-BF4B-00C04F79EFBC}") = "Provider.Membership.SFDCProvider", "Libraries\Provider.Membership.SFDCProvider\Provider.Membership.SFDCProvider.csproj", "{84F3BE3E-4B20-488B-943E-6CCC63CDBB03}"
EndProject
Project("{FAE04EC0-301F-11D3-BF4B-00C04F79EFBC}") = "ImaginitMyAccount", "Modules\ImaginitMyAccount\ImaginitMyAccount.csproj", "{4130D773-4930-4C21-9BCF-0C5244F585D0}"
EndProject
Project("{F184B08F-C81C-45F6-A57F-5ABD9991F28F}") = "ImaginitRelatedResources", "Modules\ImaginitRelatedResources\ImaginitRelatedResources.vbproj", "{4FDCE59D-7989-4765-81D9-A2AB4FBCE3F1}"
EndProject
Project("{F184B08F-C81C-45F6-A57F-5ABD9991F28F}") = "ImaginitSubscriptions", "Modules\ImaginitSubscriptions\ImaginitSubscriptions.vbproj", "{DA1E2C8D-F1F6-4C37-8CC2-E5EFC8434959}"
EndProject
Project("{F184B08F-C81C-45F6-A57F-5ABD9991F28F}") = "PNow", "Modules\PNow\PNow.vbproj", "{7166C47F-1E8B-474F-B8AE-4911ECEEF105}"
EndProject
Project("{F184B08F-C81C-45F6-A57F-5ABD9991F28F}") = "PNowSupport", "Modules\PNowSupport\PNowSupport.vbproj", "{4C90E68E-D415-4A49-A973-4FC1DA771BDA}"
EndProject
Project("{F184B08F-C81C-45F6-A57F-5ABD9991F28F}") = "RandEventRegistration", "Modules\RandEventRegistration\RandEventRegistration.vbproj", "{49BD0A39-28A5-4EE6-8660-E37AF92D0588}"
EndProject
Project("{FAE04EC0-301F-11D3-BF4B-00C04F79EFBC}") = "RandKB", "Modules\RandKB\RandKB.csproj", "{439076D5-F8D0-4FDD-9A38-5C5B71311EA8}"
EndProject
Project("{F184B08F-C81C-45F6-A57F-5ABD9991F28F}") = "RandTraining", "Modules\RandTraining\RandTraining.vbproj", "{279C5C96-5031-407A-919C-EF50FD06454D}"
EndProject
Project("{F184B08F-C81C-45F6-A57F-5ABD9991F28F}") = "RandAccountInfo", "Modules\RandAccountInfo\RandAccountInfo.vbproj", "{D79A7813-D64D-463E-AB36-E13E5970FFAD}"
EndProject
Project("{F184B08F-C81C-45F6-A57F-5ABD9991F28F}") = "RandAccountUserAdmin", "Modules\RandAccountUserAdmin\RandAccountUserAdmin.vbproj", "{C651A778-DE9A-4A45-ADE0-507B8323D63B}"
EndProject
Project("{F184B08F-C81C-45F6-A57F-5ABD9991F28F}") = "RandEvents", "Modules\RandEvents\RandEvents.vbproj", "{C4C9BD28-FEF9-424C-8285-B1A20BC4998A}"
EndProject
Project("{F184B08F-C81C-45F6-A57F-5ABD9991F28F}") = "RandRSS", "Modules\RandRSS\RandRSS.vbproj", "{4CD07E22-319D-4C21-A1E9-BFE1F0F0C698}"
EndProject
Project("{F184B08F-C81C-45F6-A57F-5ABD9991F28F}") = "RandUtilities", "Modules\RandUtilities\RandUtilities.vbproj", "{361BBC82-8115-49D2-A721-65099F8B458C}"
EndProject
Project("{FAE04EC0-301F-11D3-BF4B-00C04F79EFBC}") = "SupportKB", "Modules\SupportKB\SupportKB.csproj", "{CA527FD3-2F24-485E-ABAE-79DB6684A5AC}"
EndProject
Project("{FAE04EC0-301F-11D3-BF4B-00C04F79EFBC}") = "Imaginit.FriendlyUrls", "Libraries\Imaginit.FriendlyUrls\Imaginit.FriendlyUrls.csproj", "{53775395-F8CC-4388-AF80-49C08F257B34}"
EndProject
Project("{FAE04EC0-301F-11D3-BF4B-00C04F79EFBC}") = "MadDevelopment.ImaginIt.Core", "Libraries\MadDevelopment.ImaginIt.Core\MadDevelopment.ImaginIt.Core.csproj", "{A9E4305C-C0EC-4EB3-9743-6F4A7B0C00E2}"
EndProject
Project("{FAE04EC0-301F-11D3-BF4B-00C04F79EFBC}") = "MadDevelopment.ImaginIt.Classes", "Modules\MadDevelopment.ImaginIt.Classes\MadDevelopment.ImaginIt.Classes.csproj", "{6EF53AE8-CD81-40F8-AFFB-17BCA5A422D6}"
EndProject
Project("{FAE04EC0-301F-11D3-BF4B-00C04F79EFBC}") = "MadDevelopment.ImaginIt.Courses", "Modules\MadDevelopment.ImaginIt.Courses\MadDevelopment.ImaginIt.Courses.csproj", "{128B5E2A-2317-4958-B34C-B7100C8E0375}"
EndProject
Project("{2150E333-8FDC-42A3-9474-1A3956D46DE8}") = "Tests", "Tests", "{A1DE3DF5-F7A7-44F0-8ECC-FB7057048797}"
EndProject
Project("{FAE04EC0-301F-11D3-BF4B-00C04F79EFBC}") = "MadDevelopment.ImaginIt.Event", "Modules\MadDevelopment.ImaginIt.Event\MadDevelopment.ImaginIt.Event.csproj", "{BCCFB924-FF30-46A7-BAA8-11DD3D035691}"
EndProject
Project("{FAE04EC0-301F-11D3-BF4B-00C04F79EFBC}") = "MadDevelopment.ImaginIt.IndustrySolutions", "Modules\MadDevelopment.ImaginIt.IndustrySolutions\MadDevelopment.ImaginIt.IndustrySolutions.csproj", "{E4656777-7AC2-4538-BD03-3853ABC08305}"
EndProject
Project("{FAE04EC0-301F-11D3-BF4B-00C04F79EFBC}") = "MadDevelopment.ImaginIt.Menu", "Modules\MadDevelopment.ImaginIt.Menu\MadDevelopment.ImaginIt.Menu.csproj", "{04141665-422A-41A4-A828-1582E89CBCFF}"
EndProject
Project("{FAE04EC0-301F-11D3-BF4B-00C04F79EFBC}") = "MadDevelopment.imaginIt.NewsList", "Modules\MadDevelopment.imaginIt.NewsList\MadDevelopment.imaginIt.NewsList.csproj", "{C3B65F39-0DFB-4C08-8EA9-C1A5729D891B}"
EndProject
Project("{FAE04EC0-301F-11D3-BF4B-00C04F79EFBC}") = "MadDevelopment.ImaginIt.ShortList", "Modules\MadDevelopment.ImaginIt.ShortList\MadDevelopment.ImaginIt.ShortList.csproj", "{9F951A6E-BCF5-4279-9E73-F60BFB771E46}"
EndProject
Project("{FAE04EC0-301F-11D3-BF4B-00C04F79EFBC}") = "RandControls.MiniCart", "SkinObjects\RandControls.MiniCart\RandControls.MiniCart.csproj", "{21465A2E-F2D4-4CB9-A43A-3EC7DB950963}"
EndProject
Project("{FAE04EC0-301F-11D3-BF4B-00C04F79EFBC}") = "MadDevelopment.ImaginIt.WebControls", "Modules\MadDevelopment.ImaginIt.WebControls\MadDevelopment.ImaginIt.WebControls.csproj", "{F7A5F4F9-8AF9-40AB-9966-00DD04E48445}"
EndProject
Project("{FAE04EC0-301F-11D3-BF4B-00C04F79EFBC}") = "MadDevelopment.ImaginIt.Documents", "Modules\MadDevelopment.ImaginIt.Documents\MadDevelopment.ImaginIt.Documents.csproj", "{D9F85937-E8D9-4F1A-A3F0-5580F5786556}"
EndProject
Project("{2150E333-8FDC-42A3-9474-1A3956D46DE8}") = "Templates", "Templates", "{455844BA-D7DD-4044-B158-979AE74D5DB3}"
EndProject
Project("{FAE04EC0-301F-11D3-BF4B-00C04F79EFBC}") = "MadDevelopment.ImaginIt.Locations", "Templates\MadDevelopment.ImaginIt.Locations\MadDevelopment.ImaginIt.Locations.csproj", "{C69D8422-2485-48AF-9DDF-C537548E21D0}"
EndProject
Project("{FAE04EC0-301F-11D3-BF4B-00C04F79EFBC}") = "MadDevelopment.Imaginit.MediaCoverage", "Templates\MadDevelopment.Imaginit.MediaCoverage\MadDevelopment.Imaginit.MediaCoverage.csproj", "{8B9B6903-90EF-4B34-9C36-CF68BBBC1F23}"
EndProject
Project("{FAE04EC0-301F-11D3-BF4B-00C04F79EFBC}") = "MadDevelopment.ImaginIt.ProductByCategory", "Modules\MadDevelopment.ImaginIt.ProductByCategory\MadDevelopment.ImaginIt.ProductByCategory.csproj", "{83E822A9-598F-4D50-BE94-FD938AB61E97}"
EndProject
Project("{FAE04EC0-301F-11D3-BF4B-00C04F79EFBC}") = "MadDevelopment.Products", "Modules\MadDevelopment.ImaginIt.Products\MadDevelopment.Products.csproj", "{DDB5966D-8A28-457E-8E72-6414E69032D0}"
EndProject
Project("{FAE04EC0-301F-11D3-BF4B-00C04F79EFBC}") = "MadDevelopment.ImaginIt.ProductsByIndustry", "Modules\MadDevelopment.ImaginIt.ProductsByIndustry\MadDevelopment.ImaginIt.ProductsByIndustry.csproj", "{7EB13924-C743-4E1F-89AE-C9DF60DEE0EB}"
EndProject
Project("{FAE04EC0-301F-11D3-BF4B-00C04F79EFBC}") = "MadDevelopment.ImaginIt.RelatedResources", "Modules\MadDevelopment.ImaginIt.RelatedResources\MadDevelopment.ImaginIt.RelatedResources.csproj", "{6E7BD185-A093-412D-BC5D-9F8B89C43610}"
EndProject
Project("{FAE04EC0-301F-11D3-BF4B-00C04F79EFBC}") = "Rand.HCC.Ascented.ViewSet", "Viewsets\AscentViewSet\Rand.HCC.Ascented.ViewSet.csproj", "{EBF80AA0-64ED-4DE8-B97B-A67764C6BD6D}"
EndProject
Project("{FAE04EC0-301F-11D3-BF4B-00C04F79EFBC}") = "RandSIM.Event", "Modules\RandSim.Event\RandSIM.Event.csproj", "{D0AEEC34-BCC6-4EB6-8E03-9B56A09D9CCF}"
EndProject
Project("{FAE04EC0-301F-11D3-BF4B-00C04F79EFBC}") = "RandSIM.Products", "Modules\RandSim.Products\RandSIM.Products.csproj", "{114A6E80-3544-47B3-9BE8-BA2AD97A532D}"
EndProject
Project("{F184B08F-C81C-45F6-A57F-5ABD9991F28F}") = "RandSIM.SubmitACase", "Modules\RandSIM.SubmitACase\RandSIM.SubmitACase.vbproj", "{CD8E53D2-B177-494B-AE08-1CEEF98E43D7}"
EndProject
Global
	GlobalSection(SolutionConfigurationPlatforms) = preSolution
		Debug|Any CPU = Debug|Any CPU
		Release|Any CPU = Release|Any CPU
	EndGlobalSection
	GlobalSection(ProjectConfigurationPlatforms) = postSolution
		{7D61A32C-0F21-453F-A981-BD8E5A3A5304}.Debug|Any CPU.ActiveCfg = Debug|Any CPU
		{7D61A32C-0F21-453F-A981-BD8E5A3A5304}.Debug|Any CPU.Build.0 = Debug|Any CPU
		{7D61A32C-0F21-453F-A981-BD8E5A3A5304}.Release|Any CPU.ActiveCfg = Release|Any CPU
		{7D61A32C-0F21-453F-A981-BD8E5A3A5304}.Release|Any CPU.Build.0 = Release|Any CPU
		{04053E97-525A-4132-9580-32A1AB5B37B2}.Debug|Any CPU.ActiveCfg = Debug|Any CPU
		{04053E97-525A-4132-9580-32A1AB5B37B2}.Debug|Any CPU.Build.0 = Debug|Any CPU
		{04053E97-525A-4132-9580-32A1AB5B37B2}.Release|Any CPU.ActiveCfg = Release|Any CPU
		{04053E97-525A-4132-9580-32A1AB5B37B2}.Release|Any CPU.Build.0 = Release|Any CPU
		{1F58B285-03BD-4023-99C1-EB9611D6937F}.Debug|Any CPU.ActiveCfg = Debug|Any CPU
		{1F58B285-03BD-4023-99C1-EB9611D6937F}.Debug|Any CPU.Build.0 = Debug|Any CPU
		{1F58B285-03BD-4023-99C1-EB9611D6937F}.Release|Any CPU.ActiveCfg = Release|Any CPU
		{1F58B285-03BD-4023-99C1-EB9611D6937F}.Release|Any CPU.Build.0 = Release|Any CPU
		{D5820124-DB40-4AC0-B569-4FFF2342EBE3}.Debug|Any CPU.ActiveCfg = Debug|Any CPU
		{D5820124-DB40-4AC0-B569-4FFF2342EBE3}.Debug|Any CPU.Build.0 = Debug|Any CPU
		{D5820124-DB40-4AC0-B569-4FFF2342EBE3}.Release|Any CPU.ActiveCfg = Release|Any CPU
		{D5820124-DB40-4AC0-B569-4FFF2342EBE3}.Release|Any CPU.Build.0 = Release|Any CPU
		{E0EEBAB9-9015-4E1E-B4A1-B747CD9CE083}.Debug|Any CPU.ActiveCfg = Debug|Any CPU
		{E0EEBAB9-9015-4E1E-B4A1-B747CD9CE083}.Debug|Any CPU.Build.0 = Debug|Any CPU
		{E0EEBAB9-9015-4E1E-B4A1-B747CD9CE083}.Release|Any CPU.ActiveCfg = Release|Any CPU
		{E0EEBAB9-9015-4E1E-B4A1-B747CD9CE083}.Release|Any CPU.Build.0 = Release|Any CPU
		{2AD6CBE1-1A1A-4A08-A099-E9797F34A42A}.Debug|Any CPU.ActiveCfg = Debug|Any CPU
		{2AD6CBE1-1A1A-4A08-A099-E9797F34A42A}.Debug|Any CPU.Build.0 = Debug|Any CPU
		{2AD6CBE1-1A1A-4A08-A099-E9797F34A42A}.Release|Any CPU.ActiveCfg = Release|Any CPU
		{2AD6CBE1-1A1A-4A08-A099-E9797F34A42A}.Release|Any CPU.Build.0 = Release|Any CPU
		{84F3BE3E-4B20-488B-943E-6CCC63CDBB03}.Debug|Any CPU.ActiveCfg = Debug|Any CPU
		{84F3BE3E-4B20-488B-943E-6CCC63CDBB03}.Debug|Any CPU.Build.0 = Debug|Any CPU
		{84F3BE3E-4B20-488B-943E-6CCC63CDBB03}.Release|Any CPU.ActiveCfg = Release|Any CPU
		{84F3BE3E-4B20-488B-943E-6CCC63CDBB03}.Release|Any CPU.Build.0 = Release|Any CPU
		{4130D773-4930-4C21-9BCF-0C5244F585D0}.Debug|Any CPU.ActiveCfg = Debug|Any CPU
		{4130D773-4930-4C21-9BCF-0C5244F585D0}.Debug|Any CPU.Build.0 = Debug|Any CPU
		{4130D773-4930-4C21-9BCF-0C5244F585D0}.Release|Any CPU.ActiveCfg = Release|Any CPU
		{4130D773-4930-4C21-9BCF-0C5244F585D0}.Release|Any CPU.Build.0 = Release|Any CPU
		{4FDCE59D-7989-4765-81D9-A2AB4FBCE3F1}.Debug|Any CPU.ActiveCfg = Debug|Any CPU
		{4FDCE59D-7989-4765-81D9-A2AB4FBCE3F1}.Debug|Any CPU.Build.0 = Debug|Any CPU
		{4FDCE59D-7989-4765-81D9-A2AB4FBCE3F1}.Release|Any CPU.ActiveCfg = Release|Any CPU
		{4FDCE59D-7989-4765-81D9-A2AB4FBCE3F1}.Release|Any CPU.Build.0 = Release|Any CPU
		{DA1E2C8D-F1F6-4C37-8CC2-E5EFC8434959}.Debug|Any CPU.ActiveCfg = Debug|Any CPU
		{DA1E2C8D-F1F6-4C37-8CC2-E5EFC8434959}.Debug|Any CPU.Build.0 = Debug|Any CPU
		{DA1E2C8D-F1F6-4C37-8CC2-E5EFC8434959}.Release|Any CPU.ActiveCfg = Release|Any CPU
		{DA1E2C8D-F1F6-4C37-8CC2-E5EFC8434959}.Release|Any CPU.Build.0 = Release|Any CPU
		{7166C47F-1E8B-474F-B8AE-4911ECEEF105}.Debug|Any CPU.ActiveCfg = Debug|Any CPU
		{7166C47F-1E8B-474F-B8AE-4911ECEEF105}.Debug|Any CPU.Build.0 = Debug|Any CPU
		{7166C47F-1E8B-474F-B8AE-4911ECEEF105}.Release|Any CPU.ActiveCfg = Release|Any CPU
		{7166C47F-1E8B-474F-B8AE-4911ECEEF105}.Release|Any CPU.Build.0 = Release|Any CPU
		{4C90E68E-D415-4A49-A973-4FC1DA771BDA}.Debug|Any CPU.ActiveCfg = Debug|Any CPU
		{4C90E68E-D415-4A49-A973-4FC1DA771BDA}.Release|Any CPU.ActiveCfg = Release|Any CPU
		{49BD0A39-28A5-4EE6-8660-E37AF92D0588}.Debug|Any CPU.ActiveCfg = Debug|Any CPU
		{49BD0A39-28A5-4EE6-8660-E37AF92D0588}.Debug|Any CPU.Build.0 = Debug|Any CPU
		{49BD0A39-28A5-4EE6-8660-E37AF92D0588}.Release|Any CPU.ActiveCfg = Release|Any CPU
		{49BD0A39-28A5-4EE6-8660-E37AF92D0588}.Release|Any CPU.Build.0 = Release|Any CPU
		{439076D5-F8D0-4FDD-9A38-5C5B71311EA8}.Debug|Any CPU.ActiveCfg = Debug|Any CPU
		{439076D5-F8D0-4FDD-9A38-5C5B71311EA8}.Debug|Any CPU.Build.0 = Debug|Any CPU
		{439076D5-F8D0-4FDD-9A38-5C5B71311EA8}.Release|Any CPU.ActiveCfg = Release|Any CPU
		{439076D5-F8D0-4FDD-9A38-5C5B71311EA8}.Release|Any CPU.Build.0 = Release|Any CPU
		{279C5C96-5031-407A-919C-EF50FD06454D}.Debug|Any CPU.ActiveCfg = Debug|Any CPU
		{279C5C96-5031-407A-919C-EF50FD06454D}.Debug|Any CPU.Build.0 = Debug|Any CPU
		{279C5C96-5031-407A-919C-EF50FD06454D}.Release|Any CPU.ActiveCfg = Release|Any CPU
		{279C5C96-5031-407A-919C-EF50FD06454D}.Release|Any CPU.Build.0 = Release|Any CPU
		{D79A7813-D64D-463E-AB36-E13E5970FFAD}.Debug|Any CPU.ActiveCfg = Debug|Any CPU
		{D79A7813-D64D-463E-AB36-E13E5970FFAD}.Debug|Any CPU.Build.0 = Debug|Any CPU
		{D79A7813-D64D-463E-AB36-E13E5970FFAD}.Release|Any CPU.ActiveCfg = Release|Any CPU
		{D79A7813-D64D-463E-AB36-E13E5970FFAD}.Release|Any CPU.Build.0 = Release|Any CPU
		{C651A778-DE9A-4A45-ADE0-507B8323D63B}.Debug|Any CPU.ActiveCfg = Debug|Any CPU
		{C651A778-DE9A-4A45-ADE0-507B8323D63B}.Release|Any CPU.ActiveCfg = Release|Any CPU
		{C4C9BD28-FEF9-424C-8285-B1A20BC4998A}.Debug|Any CPU.ActiveCfg = Debug|Any CPU
		{C4C9BD28-FEF9-424C-8285-B1A20BC4998A}.Debug|Any CPU.Build.0 = Debug|Any CPU
		{C4C9BD28-FEF9-424C-8285-B1A20BC4998A}.Release|Any CPU.ActiveCfg = Release|Any CPU
		{C4C9BD28-FEF9-424C-8285-B1A20BC4998A}.Release|Any CPU.Build.0 = Release|Any CPU
		{4CD07E22-319D-4C21-A1E9-BFE1F0F0C698}.Debug|Any CPU.ActiveCfg = Debug|Any CPU
		{4CD07E22-319D-4C21-A1E9-BFE1F0F0C698}.Debug|Any CPU.Build.0 = Debug|Any CPU
		{4CD07E22-319D-4C21-A1E9-BFE1F0F0C698}.Release|Any CPU.ActiveCfg = Release|Any CPU
		{4CD07E22-319D-4C21-A1E9-BFE1F0F0C698}.Release|Any CPU.Build.0 = Release|Any CPU
		{361BBC82-8115-49D2-A721-65099F8B458C}.Debug|Any CPU.ActiveCfg = Debug|Any CPU
		{361BBC82-8115-49D2-A721-65099F8B458C}.Debug|Any CPU.Build.0 = Debug|Any CPU
		{361BBC82-8115-49D2-A721-65099F8B458C}.Release|Any CPU.ActiveCfg = Release|Any CPU
		{361BBC82-8115-49D2-A721-65099F8B458C}.Release|Any CPU.Build.0 = Release|Any CPU
		{CA527FD3-2F24-485E-ABAE-79DB6684A5AC}.Debug|Any CPU.ActiveCfg = Debug|Any CPU
		{CA527FD3-2F24-485E-ABAE-79DB6684A5AC}.Debug|Any CPU.Build.0 = Debug|Any CPU
		{CA527FD3-2F24-485E-ABAE-79DB6684A5AC}.Release|Any CPU.ActiveCfg = Release|Any CPU
		{CA527FD3-2F24-485E-ABAE-79DB6684A5AC}.Release|Any CPU.Build.0 = Release|Any CPU
		{53775395-F8CC-4388-AF80-49C08F257B34}.Debug|Any CPU.ActiveCfg = Debug|Any CPU
		{53775395-F8CC-4388-AF80-49C08F257B34}.Debug|Any CPU.Build.0 = Debug|Any CPU
		{53775395-F8CC-4388-AF80-49C08F257B34}.Release|Any CPU.ActiveCfg = Release|Any CPU
		{53775395-F8CC-4388-AF80-49C08F257B34}.Release|Any CPU.Build.0 = Release|Any CPU
		{A9E4305C-C0EC-4EB3-9743-6F4A7B0C00E2}.Debug|Any CPU.ActiveCfg = Debug|Any CPU
		{A9E4305C-C0EC-4EB3-9743-6F4A7B0C00E2}.Debug|Any CPU.Build.0 = Debug|Any CPU
		{A9E4305C-C0EC-4EB3-9743-6F4A7B0C00E2}.Release|Any CPU.ActiveCfg = Release|Any CPU
		{A9E4305C-C0EC-4EB3-9743-6F4A7B0C00E2}.Release|Any CPU.Build.0 = Release|Any CPU
		{6EF53AE8-CD81-40F8-AFFB-17BCA5A422D6}.Debug|Any CPU.ActiveCfg = Debug|Any CPU
		{6EF53AE8-CD81-40F8-AFFB-17BCA5A422D6}.Debug|Any CPU.Build.0 = Debug|Any CPU
		{6EF53AE8-CD81-40F8-AFFB-17BCA5A422D6}.Release|Any CPU.ActiveCfg = Release|Any CPU
		{6EF53AE8-CD81-40F8-AFFB-17BCA5A422D6}.Release|Any CPU.Build.0 = Release|Any CPU
		{128B5E2A-2317-4958-B34C-B7100C8E0375}.Debug|Any CPU.ActiveCfg = Debug|Any CPU
		{128B5E2A-2317-4958-B34C-B7100C8E0375}.Debug|Any CPU.Build.0 = Debug|Any CPU
		{128B5E2A-2317-4958-B34C-B7100C8E0375}.Release|Any CPU.ActiveCfg = Release|Any CPU
		{128B5E2A-2317-4958-B34C-B7100C8E0375}.Release|Any CPU.Build.0 = Release|Any CPU
		{BCCFB924-FF30-46A7-BAA8-11DD3D035691}.Debug|Any CPU.ActiveCfg = Debug|Any CPU
		{BCCFB924-FF30-46A7-BAA8-11DD3D035691}.Debug|Any CPU.Build.0 = Debug|Any CPU
		{BCCFB924-FF30-46A7-BAA8-11DD3D035691}.Release|Any CPU.ActiveCfg = Release|Any CPU
		{BCCFB924-FF30-46A7-BAA8-11DD3D035691}.Release|Any CPU.Build.0 = Release|Any CPU
		{E4656777-7AC2-4538-BD03-3853ABC08305}.Debug|Any CPU.ActiveCfg = Debug|Any CPU
		{E4656777-7AC2-4538-BD03-3853ABC08305}.Debug|Any CPU.Build.0 = Debug|Any CPU
		{E4656777-7AC2-4538-BD03-3853ABC08305}.Release|Any CPU.ActiveCfg = Release|Any CPU
		{E4656777-7AC2-4538-BD03-3853ABC08305}.Release|Any CPU.Build.0 = Release|Any CPU
		{04141665-422A-41A4-A828-1582E89CBCFF}.Debug|Any CPU.ActiveCfg = Debug|Any CPU
		{04141665-422A-41A4-A828-1582E89CBCFF}.Debug|Any CPU.Build.0 = Debug|Any CPU
		{04141665-422A-41A4-A828-1582E89CBCFF}.Release|Any CPU.ActiveCfg = Release|Any CPU
		{04141665-422A-41A4-A828-1582E89CBCFF}.Release|Any CPU.Build.0 = Release|Any CPU
		{C3B65F39-0DFB-4C08-8EA9-C1A5729D891B}.Debug|Any CPU.ActiveCfg = Debug|Any CPU
		{C3B65F39-0DFB-4C08-8EA9-C1A5729D891B}.Debug|Any CPU.Build.0 = Debug|Any CPU
		{C3B65F39-0DFB-4C08-8EA9-C1A5729D891B}.Release|Any CPU.ActiveCfg = Release|Any CPU
		{C3B65F39-0DFB-4C08-8EA9-C1A5729D891B}.Release|Any CPU.Build.0 = Release|Any CPU
		{9F951A6E-BCF5-4279-9E73-F60BFB771E46}.Debug|Any CPU.ActiveCfg = Debug|Any CPU
		{9F951A6E-BCF5-4279-9E73-F60BFB771E46}.Debug|Any CPU.Build.0 = Debug|Any CPU
		{9F951A6E-BCF5-4279-9E73-F60BFB771E46}.Release|Any CPU.ActiveCfg = Release|Any CPU
		{9F951A6E-BCF5-4279-9E73-F60BFB771E46}.Release|Any CPU.Build.0 = Release|Any CPU
		{21465A2E-F2D4-4CB9-A43A-3EC7DB950963}.Debug|Any CPU.ActiveCfg = Debug|Any CPU
		{21465A2E-F2D4-4CB9-A43A-3EC7DB950963}.Debug|Any CPU.Build.0 = Debug|Any CPU
		{21465A2E-F2D4-4CB9-A43A-3EC7DB950963}.Release|Any CPU.ActiveCfg = Release|Any CPU
		{21465A2E-F2D4-4CB9-A43A-3EC7DB950963}.Release|Any CPU.Build.0 = Release|Any CPU
		{F7A5F4F9-8AF9-40AB-9966-00DD04E48445}.Debug|Any CPU.ActiveCfg = Debug|Any CPU
		{F7A5F4F9-8AF9-40AB-9966-00DD04E48445}.Debug|Any CPU.Build.0 = Debug|Any CPU
		{F7A5F4F9-8AF9-40AB-9966-00DD04E48445}.Release|Any CPU.ActiveCfg = Release|Any CPU
		{F7A5F4F9-8AF9-40AB-9966-00DD04E48445}.Release|Any CPU.Build.0 = Release|Any CPU
		{D9F85937-E8D9-4F1A-A3F0-5580F5786556}.Debug|Any CPU.ActiveCfg = Debug|Any CPU
		{D9F85937-E8D9-4F1A-A3F0-5580F5786556}.Debug|Any CPU.Build.0 = Debug|Any CPU
		{D9F85937-E8D9-4F1A-A3F0-5580F5786556}.Release|Any CPU.ActiveCfg = Release|Any CPU
		{D9F85937-E8D9-4F1A-A3F0-5580F5786556}.Release|Any CPU.Build.0 = Release|Any CPU
		{C69D8422-2485-48AF-9DDF-C537548E21D0}.Debug|Any CPU.ActiveCfg = Debug|Any CPU
		{C69D8422-2485-48AF-9DDF-C537548E21D0}.Debug|Any CPU.Build.0 = Debug|Any CPU
		{C69D8422-2485-48AF-9DDF-C537548E21D0}.Release|Any CPU.ActiveCfg = Release|Any CPU
		{C69D8422-2485-48AF-9DDF-C537548E21D0}.Release|Any CPU.Build.0 = Release|Any CPU
		{8B9B6903-90EF-4B34-9C36-CF68BBBC1F23}.Debug|Any CPU.ActiveCfg = Debug|Any CPU
		{8B9B6903-90EF-4B34-9C36-CF68BBBC1F23}.Debug|Any CPU.Build.0 = Debug|Any CPU
		{8B9B6903-90EF-4B34-9C36-CF68BBBC1F23}.Release|Any CPU.ActiveCfg = Release|Any CPU
		{8B9B6903-90EF-4B34-9C36-CF68BBBC1F23}.Release|Any CPU.Build.0 = Release|Any CPU
		{83E822A9-598F-4D50-BE94-FD938AB61E97}.Debug|Any CPU.ActiveCfg = Debug|Any CPU
		{83E822A9-598F-4D50-BE94-FD938AB61E97}.Debug|Any CPU.Build.0 = Debug|Any CPU
		{83E822A9-598F-4D50-BE94-FD938AB61E97}.Release|Any CPU.ActiveCfg = Release|Any CPU
		{83E822A9-598F-4D50-BE94-FD938AB61E97}.Release|Any CPU.Build.0 = Release|Any CPU
		{DDB5966D-8A28-457E-8E72-6414E69032D0}.Debug|Any CPU.ActiveCfg = Debug|Any CPU
		{DDB5966D-8A28-457E-8E72-6414E69032D0}.Debug|Any CPU.Build.0 = Debug|Any CPU
		{DDB5966D-8A28-457E-8E72-6414E69032D0}.Release|Any CPU.ActiveCfg = Release|Any CPU
		{DDB5966D-8A28-457E-8E72-6414E69032D0}.Release|Any CPU.Build.0 = Release|Any CPU
		{7EB13924-C743-4E1F-89AE-C9DF60DEE0EB}.Debug|Any CPU.ActiveCfg = Debug|Any CPU
		{7EB13924-C743-4E1F-89AE-C9DF60DEE0EB}.Debug|Any CPU.Build.0 = Debug|Any CPU
		{7EB13924-C743-4E1F-89AE-C9DF60DEE0EB}.Release|Any CPU.ActiveCfg = Release|Any CPU
		{7EB13924-C743-4E1F-89AE-C9DF60DEE0EB}.Release|Any CPU.Build.0 = Release|Any CPU
		{6E7BD185-A093-412D-BC5D-9F8B89C43610}.Debug|Any CPU.ActiveCfg = Debug|Any CPU
		{6E7BD185-A093-412D-BC5D-9F8B89C43610}.Debug|Any CPU.Build.0 = Debug|Any CPU
		{6E7BD185-A093-412D-BC5D-9F8B89C43610}.Release|Any CPU.ActiveCfg = Release|Any CPU
		{6E7BD185-A093-412D-BC5D-9F8B89C43610}.Release|Any CPU.Build.0 = Release|Any CPU
		{EBF80AA0-64ED-4DE8-B97B-A67764C6BD6D}.Debug|Any CPU.ActiveCfg = Debug|Any CPU
		{EBF80AA0-64ED-4DE8-B97B-A67764C6BD6D}.Debug|Any CPU.Build.0 = Debug|Any CPU
		{EBF80AA0-64ED-4DE8-B97B-A67764C6BD6D}.Release|Any CPU.ActiveCfg = Release|Any CPU
		{EBF80AA0-64ED-4DE8-B97B-A67764C6BD6D}.Release|Any CPU.Build.0 = Release|Any CPU
		{D0AEEC34-BCC6-4EB6-8E03-9B56A09D9CCF}.Debug|Any CPU.ActiveCfg = Debug|Any CPU
		{D0AEEC34-BCC6-4EB6-8E03-9B56A09D9CCF}.Debug|Any CPU.Build.0 = Debug|Any CPU
		{D0AEEC34-BCC6-4EB6-8E03-9B56A09D9CCF}.Release|Any CPU.ActiveCfg = Release|Any CPU
		{D0AEEC34-BCC6-4EB6-8E03-9B56A09D9CCF}.Release|Any CPU.Build.0 = Release|Any CPU
		{114A6E80-3544-47B3-9BE8-BA2AD97A532D}.Debug|Any CPU.ActiveCfg = Debug|Any CPU
		{114A6E80-3544-47B3-9BE8-BA2AD97A532D}.Debug|Any CPU.Build.0 = Debug|Any CPU
		{114A6E80-3544-47B3-9BE8-BA2AD97A532D}.Release|Any CPU.ActiveCfg = Release|Any CPU
		{114A6E80-3544-47B3-9BE8-BA2AD97A532D}.Release|Any CPU.Build.0 = Release|Any CPU
		{CD8E53D2-B177-494B-AE08-1CEEF98E43D7}.Debug|Any CPU.ActiveCfg = Debug|Any CPU
		{CD8E53D2-B177-494B-AE08-1CEEF98E43D7}.Debug|Any CPU.Build.0 = Debug|Any CPU
		{CD8E53D2-B177-494B-AE08-1CEEF98E43D7}.Release|Any CPU.ActiveCfg = Release|Any CPU
		{CD8E53D2-B177-494B-AE08-1CEEF98E43D7}.Release|Any CPU.Build.0 = Release|Any CPU
	EndGlobalSection
	GlobalSection(SolutionProperties) = preSolution
		HideSolutionNode = FALSE
	EndGlobalSection
	GlobalSection(NestedProjects) = preSolution
		{7D61A32C-0F21-453F-A981-BD8E5A3A5304} = {70FB7EDF-2E12-405F-B9CD-8A437E96FB11}
		{04053E97-525A-4132-9580-32A1AB5B37B2} = {70FB7EDF-2E12-405F-B9CD-8A437E96FB11}
		{1F58B285-03BD-4023-99C1-EB9611D6937F} = {1F828F98-2015-4EAD-8296-EABDD9EA4880}
		{D5820124-DB40-4AC0-B569-4FFF2342EBE3} = {1F828F98-2015-4EAD-8296-EABDD9EA4880}
		{E0EEBAB9-9015-4E1E-B4A1-B747CD9CE083} = {1F828F98-2015-4EAD-8296-EABDD9EA4880}
		{2AD6CBE1-1A1A-4A08-A099-E9797F34A42A} = {1F828F98-2015-4EAD-8296-EABDD9EA4880}
		{84F3BE3E-4B20-488B-943E-6CCC63CDBB03} = {1F828F98-2015-4EAD-8296-EABDD9EA4880}
		{4130D773-4930-4C21-9BCF-0C5244F585D0} = {70FB7EDF-2E12-405F-B9CD-8A437E96FB11}
		{4FDCE59D-7989-4765-81D9-A2AB4FBCE3F1} = {70FB7EDF-2E12-405F-B9CD-8A437E96FB11}
		{DA1E2C8D-F1F6-4C37-8CC2-E5EFC8434959} = {70FB7EDF-2E12-405F-B9CD-8A437E96FB11}
		{7166C47F-1E8B-474F-B8AE-4911ECEEF105} = {70FB7EDF-2E12-405F-B9CD-8A437E96FB11}
		{4C90E68E-D415-4A49-A973-4FC1DA771BDA} = {70FB7EDF-2E12-405F-B9CD-8A437E96FB11}
		{49BD0A39-28A5-4EE6-8660-E37AF92D0588} = {70FB7EDF-2E12-405F-B9CD-8A437E96FB11}
		{439076D5-F8D0-4FDD-9A38-5C5B71311EA8} = {70FB7EDF-2E12-405F-B9CD-8A437E96FB11}
		{279C5C96-5031-407A-919C-EF50FD06454D} = {70FB7EDF-2E12-405F-B9CD-8A437E96FB11}
		{D79A7813-D64D-463E-AB36-E13E5970FFAD} = {70FB7EDF-2E12-405F-B9CD-8A437E96FB11}
		{C651A778-DE9A-4A45-ADE0-507B8323D63B} = {70FB7EDF-2E12-405F-B9CD-8A437E96FB11}
		{C4C9BD28-FEF9-424C-8285-B1A20BC4998A} = {70FB7EDF-2E12-405F-B9CD-8A437E96FB11}
		{4CD07E22-319D-4C21-A1E9-BFE1F0F0C698} = {70FB7EDF-2E12-405F-B9CD-8A437E96FB11}
		{361BBC82-8115-49D2-A721-65099F8B458C} = {70FB7EDF-2E12-405F-B9CD-8A437E96FB11}
		{CA527FD3-2F24-485E-ABAE-79DB6684A5AC} = {70FB7EDF-2E12-405F-B9CD-8A437E96FB11}
		{53775395-F8CC-4388-AF80-49C08F257B34} = {1F828F98-2015-4EAD-8296-EABDD9EA4880}
		{A9E4305C-C0EC-4EB3-9743-6F4A7B0C00E2} = {1F828F98-2015-4EAD-8296-EABDD9EA4880}
		{6EF53AE8-CD81-40F8-AFFB-17BCA5A422D6} = {70FB7EDF-2E12-405F-B9CD-8A437E96FB11}
		{128B5E2A-2317-4958-B34C-B7100C8E0375} = {70FB7EDF-2E12-405F-B9CD-8A437E96FB11}
		{BCCFB924-FF30-46A7-BAA8-11DD3D035691} = {70FB7EDF-2E12-405F-B9CD-8A437E96FB11}
		{E4656777-7AC2-4538-BD03-3853ABC08305} = {70FB7EDF-2E12-405F-B9CD-8A437E96FB11}
		{04141665-422A-41A4-A828-1582E89CBCFF} = {70FB7EDF-2E12-405F-B9CD-8A437E96FB11}
		{C3B65F39-0DFB-4C08-8EA9-C1A5729D891B} = {70FB7EDF-2E12-405F-B9CD-8A437E96FB11}
		{9F951A6E-BCF5-4279-9E73-F60BFB771E46} = {70FB7EDF-2E12-405F-B9CD-8A437E96FB11}
		{21465A2E-F2D4-4CB9-A43A-3EC7DB950963} = {7722B241-C88C-4BBA-973F-32D755BE9C08}
		{F7A5F4F9-8AF9-40AB-9966-00DD04E48445} = {70FB7EDF-2E12-405F-B9CD-8A437E96FB11}
		{D9F85937-E8D9-4F1A-A3F0-5580F5786556} = {70FB7EDF-2E12-405F-B9CD-8A437E96FB11}
		{C69D8422-2485-48AF-9DDF-C537548E21D0} = {455844BA-D7DD-4044-B158-979AE74D5DB3}
		{8B9B6903-90EF-4B34-9C36-CF68BBBC1F23} = {455844BA-D7DD-4044-B158-979AE74D5DB3}
		{83E822A9-598F-4D50-BE94-FD938AB61E97} = {70FB7EDF-2E12-405F-B9CD-8A437E96FB11}
		{DDB5966D-8A28-457E-8E72-6414E69032D0} = {70FB7EDF-2E12-405F-B9CD-8A437E96FB11}
		{7EB13924-C743-4E1F-89AE-C9DF60DEE0EB} = {70FB7EDF-2E12-405F-B9CD-8A437E96FB11}
		{6E7BD185-A093-412D-BC5D-9F8B89C43610} = {70FB7EDF-2E12-405F-B9CD-8A437E96FB11}
		{EBF80AA0-64ED-4DE8-B97B-A67764C6BD6D} = {C5228275-B3D3-4550-A755-98F70CDCEA69}
		{D0AEEC34-BCC6-4EB6-8E03-9B56A09D9CCF} = {70FB7EDF-2E12-405F-B9CD-8A437E96FB11}
		{114A6E80-3544-47B3-9BE8-BA2AD97A532D} = {70FB7EDF-2E12-405F-B9CD-8A437E96FB11}
		{CD8E53D2-B177-494B-AE08-1CEEF98E43D7} = {70FB7EDF-2E12-405F-B9CD-8A437E96FB11}
	EndGlobalSection
	GlobalSection(ExtensibilityGlobals) = postSolution
		SolutionGuid = {2d5e3350-48c8-4f9a-806a-d245c20ac5e0}
	EndGlobalSection
EndGlobal
